{
    "name": "url-shortener",
    "version": "0.0.1",
    "lockfileVersion": 3,
    "requires": true,
    "packages": {
        "": {
            "name": "url-shortener",
            "version": "0.0.1",
            "dependencies": {
                "flaschenpost": "5.1.1"
            }
        },
        "node_modules/@types/app-root-path": {
            "version": "1.2.4",
            "resolved": "https://registry.npmjs.org/@types/app-root-path/-/app-root-path-1.2.4.tgz",
            "integrity": "sha512-yhURoXmWN/zfw2MXXcOdUTwe5CWhzRWtb4Rs2+JwGpuhm2hxLCzjASi/aIuyVeJB3Iyks1teaHyOEfNNmltdvQ=="
        },
        "node_modules/@types/body-parser": {
            "version": "1.19.5",
            "resolved": "https://registry.npmjs.org/@types/body-parser/-/body-parser-1.19.5.tgz",
            "integrity": "sha512-fB3Zu92ucau0iQ0JMCFQE7b/dv8Ot07NI3KaZIkIUNXq82k4eBAqUaneXfleGY9JWskeS9y+u0nXMyspcuQrCg==",
            "dependencies": {
                "@types/connect": "*",
                "@types/node": "*"
            }
        },
        "node_modules/@types/connect": {
            "version": "3.4.38",
            "resolved": "https://registry.npmjs.org/@types/connect/-/connect-3.4.38.tgz",
            "integrity": "sha512-K6uROf1LD88uDQqJCktA4yzL1YYAK6NgfsI0v/mTgyPKWsX1CnJ0XPSDhViejru1GcRkLWb8RlzFYJRqGUbaug==",
            "dependencies": {
                "@types/node": "*"
            }
        },
        "node_modules/@types/express": {
            "version": "4.17.13",
            "resolved": "https://registry.npmjs.org/@types/express/-/express-4.17.13.tgz",
            "integrity": "sha512-6bSZTPaTIACxn48l50SR+axgrqm6qXFIxrdAKaG6PaJk3+zuUr35hBlgT7vOmJcum+OEaIBLtHV/qloEAFITeA==",
            "dependencies": {
                "@types/body-parser": "*",
                "@types/express-serve-static-core": "^4.17.18",
                "@types/qs": "*",
                "@types/serve-static": "*"
            }
        },
        "node_modules/@types/express-serve-static-core": {
            "version": "4.19.5",
            "resolved": "https://registry.npmjs.org/@types/express-serve-static-core/-/express-serve-static-core-4.19.5.tgz",
            "integrity": "sha512-y6W03tvrACO72aijJ5uF02FRq5cgDR9lUxddQ8vyF+GvmjJQqbzDcJngEjURc+ZsG31VI3hODNZJ2URj86pzmg==",
            "dependencies": {
                "@types/node": "*",
                "@types/qs": "*",
                "@types/range-parser": "*",
                "@types/send": "*"
            }
        },
        "node_modules/@types/find-root": {
            "version": "1.1.2",
            "resolved": "https://registry.npmjs.org/@types/find-root/-/find-root-1.1.2.tgz",
            "integrity": "sha512-lGuMq71TL466jtCpvh7orGd+mrdBmo2h8ozvtOOTbq3ByfWpuN+UVxv4sOv3YpsD4NhW2k6ESGhnT/FIg4Ouzw=="
        },
        "node_modules/@types/http-errors": {
            "version": "2.0.4",
            "resolved": "https://registry.npmjs.org/@types/http-errors/-/http-errors-2.0.4.tgz",
            "integrity": "sha512-D0CFMMtydbJAegzOyHjtiKPLlvnm3iTZyZRSZoLq2mRhDdmLfIWOCYPfQJ4cu2erKghU++QvjcUjp/5h7hESpA=="
        },
        "node_modules/@types/lodash": {
            "version": "4.14.180",
            "resolved": "https://registry.npmjs.org/@types/lodash/-/lodash-4.14.180.tgz",
            "integrity": "sha512-XOKXa1KIxtNXgASAnwj7cnttJxS4fksBRywK/9LzRV5YxrF80BXZIGeQSuoESQ/VkUj30Ae0+YcuHc15wJCB2g=="
        },
        "node_modules/@types/mime": {
            "version": "1.3.5",
            "resolved": "https://registry.npmjs.org/@types/mime/-/mime-1.3.5.tgz",
            "integrity": "sha512-/pyBZWSLD2n0dcHE3hq8s8ZvcETHtEuF+3E7XVt0Ig2nvsVQXdghHVcEkIWjy9A0wKfTn97a/PSDYohKIlnP/w=="
        },
        "node_modules/@types/node": {
            "version": "17.0.21",
            "resolved": "https://registry.npmjs.org/@types/node/-/node-17.0.21.tgz",
            "integrity": "sha512-DBZCJbhII3r90XbQxI8Y9IjjiiOGlZ0Hr32omXIZvwwZ7p4DMMXGrKXVyPfuoBOri9XNtL0UK69jYIBIsRX3QQ=="
        },
        "node_modules/@types/on-finished": {
            "version": "2.3.1",
            "resolved": "https://registry.npmjs.org/@types/on-finished/-/on-finished-2.3.1.tgz",
            "integrity": "sha512-mzVYaYcFs5Jd2n/O6uYIRUsFRR1cHyZLRvkLCU0E7+G5WhY0qBDAR5fUCeZbvecYOSh9ikhlesyi2UfI8B9ckQ==",
            "dependencies": {
                "@types/node": "*"
            }
        },
        "node_modules/@types/qs": {
            "version": "6.9.15",
            "resolved": "https://registry.npmjs.org/@types/qs/-/qs-6.9.15.tgz",
            "integrity": "sha512-uXHQKES6DQKKCLh441Xv/dwxOq1TVS3JPUMlEqoEglvlhR6Mxnlew/Xq/LRVHpLyk7iK3zODe1qYHIMltO7XGg=="
        },
        "node_modules/@types/range-parser": {
            "version": "1.2.7",
            "resolved": "https://registry.npmjs.org/@types/range-parser/-/range-parser-1.2.7.tgz",
            "integrity": "sha512-hKormJbkJqzQGhziax5PItDUTMAM9uE2XXQmM37dyd4hVM+5aVl7oVxMVUiVQn2oCQFN/LKCZdvSM0pFRqbSmQ=="
        },
        "node_modules/@types/send": {
            "version": "0.17.4",
            "resolved": "https://registry.npmjs.org/@types/send/-/send-0.17.4.tgz",
            "integrity": "sha512-x2EM6TJOybec7c52BX0ZspPodMsQUd5L6PRwOunVyVUhXiBSKf3AezDL8Dgvgt5o0UfKNfuA0eMLr2wLT4AiBA==",
            "dependencies": {
                "@types/mime": "^1",
                "@types/node": "*"
            }
        },
        "node_modules/@types/serve-static": {
            "version": "1.15.7",
            "resolved": "https://registry.npmjs.org/@types/serve-static/-/serve-static-1.15.7.tgz",
            "integrity": "sha512-W8Ym+h8nhuRwaKPaDw34QUkwsGi6Rc4yYqvKFo5rm2FUEhCFbzVWrxXUxuKK8TASjWsysJY0nsmNCGhCOIsrOw==",
            "dependencies": {
                "@types/http-errors": "*",
                "@types/node": "*",
                "@types/send": "*"
            }
        },
        "node_modules/@types/stack-trace": {
            "version": "0.0.29",
            "resolved": "https://registry.npmjs.org/@types/stack-trace/-/stack-trace-0.0.29.tgz",
            "integrity": "sha512-TgfOX+mGY/NyNxJLIbDWrO9DjGoVSW9+aB8H2yy1fy32jsvxijhmyJI9fDFgvz3YP4lvJaq9DzdR/M1bOgVc9g=="
        },
        "node_modules/@types/stringify-object": {
            "version": "4.0.1",
            "resolved": "https://registry.npmjs.org/@types/stringify-object/-/stringify-object-4.0.1.tgz",
            "integrity": "sha512-IBlbUGpI7FoWWr1FHQDntMkA7nCEI7Hox/hmwgWgRqohV7SRRkbWB86PayOX++NwtJTapQ8wIs7XtEp4fXonwA=="
        },
        "node_modules/ansi-styles": {
            "version": "4.3.0",
            "resolved": "https://registry.npmjs.org/ansi-styles/-/ansi-styles-4.3.0.tgz",
            "integrity": "sha512-zbB9rCJAT1rbjiVDb2hqKFHNYLxgtk8NURxZ3IZwD3F6NtxbXZQCnnSi1Lkx+IDohdPlFp222wVALIheZJQSEg==",
            "dependencies": {
                "color-convert": "^2.0.1"
            },
            "engines": {
                "node": ">=8"
            },
            "funding": {
                "url": "https://github.com/chalk/ansi-styles?sponsor=1"
            }
        },
        "node_modules/app-root-path": {
            "version": "3.0.0",
            "resolved": "https://registry.npmjs.org/app-root-path/-/app-root-path-3.0.0.tgz",
            "integrity": "sha512-qMcx+Gy2UZynHjOHOIXPNvpf+9cjvk3cWrBBK7zg4gH9+clobJRb9NGzcT7mQTcV/6Gm/1WelUtqxVXnNlrwcw==",
            "engines": {
                "node": ">= 6.0.0"
            }
        },
        "node_modules/chalk": {
            "version": "4.1.2",
            "resolved": "https://registry.npmjs.org/chalk/-/chalk-4.1.2.tgz",
            "integrity": "sha512-oKnbhFyRIXpUuez8iBMmyEa4nbj4IOQyuhc/wy9kY7/WVPcwIO9VA668Pu8RkO7+0G76SLROeyw9CpQ061i4mA==",
            "dependencies": {
                "ansi-styles": "^4.1.0",
                "supports-color": "^7.1.0"
            },
            "engines": {
                "node": ">=10"
            },
            "funding": {
                "url": "https://github.com/chalk/chalk?sponsor=1"
            }
        },
        "node_modules/color-convert": {
            "version": "2.0.1",
            "resolved": "https://registry.npmjs.org/color-convert/-/color-convert-2.0.1.tgz",
            "integrity": "sha512-RRECPsj7iu/xb5oKYcsFHSppFNnsj/52OVTRKb4zP5onXwVF3zVmmToNcOfGC+CRDpfK/U584fMg38ZHCaElKQ==",
            "dependencies": {
                "color-name": "~1.1.4"
            },
            "engines": {
                "node": ">=7.0.0"
            }
        },
        "node_modules/color-name": {
            "version": "1.1.4",
            "resolved": "https://registry.npmjs.org/color-name/-/color-name-1.1.4.tgz",
            "integrity": "sha512-dOy+3AuW3a2wNbZHIuMZpTcgjGuLU/uBL/ubcZF9OXbDo8ff4O8yVp5Bf0efS8uEoYo5q4Fx7dY9OgQGXgAsQA=="
        },
        "node_modules/date-fns": {
            "version": "2.28.0",
            "resolved": "https://registry.npmjs.org/date-fns/-/date-fns-2.28.0.tgz",
            "integrity": "sha512-8d35hViGYx/QH0icHYCeLmsLmMUheMmTyV9Fcm6gvNwdw31yXXH+O85sOBJ+OLnLQMKZowvpKb6FgMIQjcpvQw==",
            "engines": {
                "node": ">=0.11"
            },
            "funding": {
                "type": "opencollective",
                "url": "https://opencollective.com/date-fns"
            }
        },
        "node_modules/ee-first": {
            "version": "1.1.1",
            "resolved": "https://registry.npmjs.org/ee-first/-/ee-first-1.1.1.tgz",
            "integrity": "sha512-WMwm9LhRUo+WUaRN+vRuETqG89IgZphVSNkdFgeb6sS/E4OrDIN7t48CAewSHXc6C8lefD8KKfr5vY61brQlow=="
        },
        "node_modules/find-root": {
            "version": "1.1.0",
            "resolved": "https://registry.npmjs.org/find-root/-/find-root-1.1.0.tgz",
            "integrity": "sha512-NKfW6bec6GfKc0SGx1e07QZY9PE99u0Bft/0rzSD5k3sO/vwkVUpDUKVm5Gpp5Ue3YfShPFTX2070tDs5kB9Ng=="
        },
        "node_modules/flaschenpost": {
            "version": "5.1.1",
            "resolved": "https://registry.npmjs.org/flaschenpost/-/flaschenpost-5.1.1.tgz",
            "integrity": "sha512-Fvxniu9TDId22LdpzM5h8Nr8EkTjtgCF7WoLRuT7a6plVQcvczx904erjljjKAr3yvugV3AAPqhBvmZ4202bew==",
            "dependencies": {
                "@types/app-root-path": "1.2.4",
                "@types/express": "4.17.13",
                "@types/find-root": "1.1.2",
                "@types/lodash": "4.14.180",
                "@types/node": "17.0.21",
                "@types/on-finished": "2.3.1",
                "@types/stack-trace": "0.0.29",
                "@types/stringify-object": "4.0.1",
                "app-root-path": "3.0.0",
                "chalk": "4.1.2",
                "date-fns": "2.28.0",
                "find-root": "1.1.0",
                "lodash": "4.17.21",
                "on-finished": "2.4.1",
                "processenv": "3.0.9",
                "serialize-error": "8.1.0",
                "stack-trace": "0.0.10",
                "stringify-object": "3.3.0"
            }
        },
        "node_modules/get-own-enumerable-property-symbols": {
            "version": "3.0.2",
            "resolved": "https://registry.npmjs.org/get-own-enumerable-property-symbols/-/get-own-enumerable-property-symbols-3.0.2.tgz",
            "integrity": "sha512-I0UBV/XOz1XkIJHEUDMZAbzCThU/H8DxmSfmdGcKPnVhu2VfFqr34jr9777IyaTYvxjedWhqVIilEDsCdP5G6g=="
        },
        "node_modules/has-flag": {
            "version": "4.0.0",
            "resolved": "https://registry.npmjs.org/has-flag/-/has-flag-4.0.0.tgz",
            "integrity": "sha512-EykJT/Q1KjTWctppgIAgfSO0tKVuZUjhgMr17kqTumMl6Afv3EISleU7qZUzoXDFTAHTDC4NOoG/ZxU3EvlMPQ==",
            "engines": {
                "node": ">=8"
            }
        },
        "node_modules/is-obj": {
            "version": "1.0.1",
            "resolved": "https://registry.npmjs.org/is-obj/-/is-obj-1.0.1.tgz",
            "integrity": "sha512-l4RyHgRqGN4Y3+9JHVrNqO+tN0rV5My76uW5/nuO4K1b6vw5G8d/cmFjP9tRfEsdhZNt0IFdZuK/c2Vr4Nb+Qg==",
            "engines": {
                "node": ">=0.10.0"
            }
        },
        "node_modules/is-regexp": {
            "version": "1.0.0",
            "resolved": "https://registry.npmjs.org/is-regexp/-/is-regexp-1.0.0.tgz",
            "integrity": "sha512-7zjFAPO4/gwyQAAgRRmqeEeyIICSdmCqa3tsVHMdBzaXXRiqopZL4Cyghg/XulGWrtABTpbnYYzzIRffLkP4oA==",
            "engines": {
                "node": ">=0.10.0"
            }
        },
        "node_modules/lodash": {
            "version": "4.17.21",
            "resolved": "https://registry.npmjs.org/lodash/-/lodash-4.17.21.tgz",
            "integrity": "sha512-v2kDEe57lecTulaDIuNTPy3Ry4gLGJ6Z1O3vE1krgXZNrsQ+LFTGHVxVjcXPs17LhbZVGedAJv8XZ1tvj5FvSg=="
        },
        "node_modules/on-finished": {
            "version": "2.4.1",
            "resolved": "https://registry.npmjs.org/on-finished/-/on-finished-2.4.1.tgz",
            "integrity": "sha512-oVlzkg3ENAhCk2zdv7IJwd/QUD4z2RxRwpkcGY8psCVcCYZNq4wYnVWALHM+brtuJjePWiYF/ClmuDr8Ch5+kg==",
            "dependencies": {
                "ee-first": "1.1.1"
            },
            "engines": {
                "node": ">= 0.8"
            }
        },
        "node_modules/processenv": {
            "version": "3.0.9",
            "resolved": "https://registry.npmjs.org/processenv/-/processenv-3.0.9.tgz",
            "integrity": "sha512-k3SP1G2ZB1tunIcWyIAl6SgbB4lkmqookJHO2nlxwbztJJximdCGg5nPHqJ6rBtI3gYW4H0iLwdy5VSN9NlVsg=="
        },
        "node_modules/serialize-error": {
            "version": "8.1.0",
            "resolved": "https://registry.npmjs.org/serialize-error/-/serialize-error-8.1.0.tgz",
            "integrity": "sha512-3NnuWfM6vBYoy5gZFvHiYsVbafvI9vZv/+jlIigFn4oP4zjNPK3LhcY0xSCgeb1a5L8jO71Mit9LlNoi2UfDDQ==",
            "dependencies": {
                "type-fest": "^0.20.2"
            },
            "engines": {
                "node": ">=10"
            },
            "funding": {
                "url": "https://github.com/sponsors/sindresorhus"
            }
        },
        "node_modules/stack-trace": {
            "version": "0.0.10",
            "resolved": "https://registry.npmjs.org/stack-trace/-/stack-trace-0.0.10.tgz",
            "integrity": "sha512-KGzahc7puUKkzyMt+IqAep+TVNbKP+k2Lmwhub39m1AsTSkaDutx56aDCo+HLDzf/D26BIHTJWNiTG1KAJiQCg==",
            "engines": {
                "node": "*"
            }
        },
        "node_modules/stringify-object": {
            "version": "3.3.0",
            "resolved": "https://registry.npmjs.org/stringify-object/-/stringify-object-3.3.0.tgz",
            "integrity": "sha512-rHqiFh1elqCQ9WPLIC8I0Q/g/wj5J1eMkyoiD6eoQApWHP0FtlK7rqnhmabL5VUY9JQCcqwwvlOaSuutekgyrw==",
            "dependencies": {
                "get-own-enumerable-property-symbols": "^3.0.0",
                "is-obj": "^1.0.1",
                "is-regexp": "^1.0.0"
            },
            "engines": {
                "node": ">=4"
            }
        },
        "node_modules/supports-color": {
            "version": "7.2.0",
            "resolved": "https://registry.npmjs.org/supports-color/-/supports-color-7.2.0.tgz",
            "integrity": "sha512-qpCAvRl9stuOHveKsn7HncJRvv501qIacKzQlO/+Lwxc9+0q2wLyv4Dfvt80/DPn2pqOBsJdDiogXGR9+OvwRw==",
            "dependencies": {
                "has-flag": "^4.0.0"
            },
            "engines": {
                "node": ">=8"
            }
        },
        "node_modules/type-fest": {
            "version": "0.20.2",
            "resolved": "https://registry.npmjs.org/type-fest/-/type-fest-0.20.2.tgz",
            "integrity": "sha512-Ne+eE4r0/iWnpAxD852z3A+N0Bt5RN//NjJwRd2VFHEmrywxf5vsZlh4R6lixl6B+wz/8d+maTSAkN1FIkI3LQ==",
            "engines": {
                "node": ">=10"
            },
            "funding": {
                "url": "https://github.com/sponsors/sindresorhus"
            }
        }
    }
}
